
Microsoft Visual Studio Solution File, Format Version 12.00
# Visual Studio 2013
VisualStudioVersion = 12.0.21005.1
MinimumVisualStudioVersion = 10.0.40219.1
Project("{FAE04EC0-301F-11D3-BF4B-00C04F79EFBC}") = "WProject.TestLibrary", "WProject.TestLibrary\WProject.TestLibrary.csproj", "{1A986C15-1BB1-4E5D-990B-7DF1A70C8FA1}"
EndProject
Project("{FAE04EC0-301F-11D3-BF4B-00C04F79EFBC}") = "WProject.DataAccess", "WProject.DataAccess\WProject.DataAccess.csproj", "{B78D52BF-DBD0-4F95-8596-DEE5B3712C73}"
EndProject
Global
	GlobalSection(SolutionConfigurationPlatforms) = preSolution
		Debug|Any CPU = Debug|Any CPU
		Release|Any CPU = Release|Any CPU
	EndGlobalSection
	GlobalSection(ProjectConfigurationPlatforms) = postSolution
		{1A986C15-1BB1-4E5D-990B-7DF1A70C8FA1}.Debug|Any CPU.ActiveCfg = Debug|Any CPU
		{1A986C15-1BB1-4E5D-990B-7DF1A70C8FA1}.Debug|Any CPU.Build.0 = Debug|Any CPU
		{1A986C15-1BB1-4E5D-990B-7DF1A70C8FA1}.Release|Any CPU.ActiveCfg = Release|Any CPU
		{1A986C15-1BB1-4E5D-990B-7DF1A70C8FA1}.Release|Any CPU.Build.0 = Release|Any CPU
		{B78D52BF-DBD0-4F95-8596-DEE5B3712C73}.Debug|Any CPU.ActiveCfg = Debug|Any CPU
		{B78D52BF-DBD0-4F95-8596-DEE5B3712C73}.Debug|Any CPU.Build.0 = Debug|Any CPU
		{B78D52BF-DBD0-4F95-8596-DEE5B3712C73}.Release|Any CPU.ActiveCfg = Release|Any CPU
		{B78D52BF-DBD0-4F95-8596-DEE5B3712C73}.Release|Any CPU.Build.0 = Release|Any CPU
	EndGlobalSection
	GlobalSection(SolutionProperties) = preSolution
		HideSolutionNode = FALSE
	EndGlobalSection
EndGlobal
