
Microsoft Visual Studio Solution File, Format Version 12.00
# Visual Studio 14
VisualStudioVersion = 14.0.24720.0
MinimumVisualStudioVersion = 10.0.40219.1
Project("{FAE04EC0-301F-11D3-BF4B-00C04F79EFBC}") = "WProject.Library", "WProject.Library\WProject.Library.csproj", "{6D8E2B1F-931E-45A9-99AB-4F338FF0888A}"
EndProject
Project("{FAE04EC0-301F-11D3-BF4B-00C04F79EFBC}") = "WProject.GenericLibrary", "WProject.GenericLibrary\WProject.GenericLibrary.csproj", "{4B4C5D2C-7237-4B86-AED0-7927C926689F}"
EndProject
Project("{FAE04EC0-301F-11D3-BF4B-00C04F79EFBC}") = "WProject.DestopTests", "WProject.DestopTests\WProject.DestopTests.csproj", "{35F1B9F2-861B-4F50-86DE-F5FA016A3E90}"
EndProject
Project("{2150E333-8FDC-42A3-9474-1A3956D46DE8}") = "Apps", "Apps", "{40B37F7D-B2DA-4977-89DB-45B1B0F2D026}"
EndProject
Project("{2150E333-8FDC-42A3-9474-1A3956D46DE8}") = "Libraries", "Libraries", "{447E1896-1234-4E2E-9BE1-C56BFED61FF6}"
EndProject
Project("{2150E333-8FDC-42A3-9474-1A3956D46DE8}") = "Tests", "Tests", "{28BA4B94-3A25-4E3E-9503-0A41A109EDFF}"
EndProject
Project("{FAE04EC0-301F-11D3-BF4B-00C04F79EFBC}") = "WProject.WebApiClasses", "WProject.WebApiClasses\WProject.WebApiClasses.csproj", "{393B81BC-61F8-4278-9221-B2054D447331}"
EndProject
Project("{FAE04EC0-301F-11D3-BF4B-00C04F79EFBC}") = "WProject.UiLibrary", "WProject.UiLibrary\WProject.UiLibrary.csproj", "{054D7419-4BB2-45C0-8E51-2D15F613D37A}"
EndProject
Project("{FAE04EC0-301F-11D3-BF4B-00C04F79EFBC}") = "WProject", "WProject\WProject.csproj", "{49FFABE9-3959-426D-848E-4FC7178339F3}"
EndProject
Project("{FAE04EC0-301F-11D3-BF4B-00C04F79EFBC}") = "WProject.Dispatcher", "WProject.Dispatcher\WProject.Dispatcher.csproj", "{2615E4D4-EE4F-49B0-B3FF-AE6358099A06}"
EndProject
Project("{FAE04EC0-301F-11D3-BF4B-00C04F79EFBC}") = "WProject.DataAccess", "WProject.DataAccess\WProject.DataAccess.csproj", "{B78D52BF-DBD0-4F95-8596-DEE5B3712C73}"
EndProject
Global
	GlobalSection(SolutionConfigurationPlatforms) = preSolution
		Debug|Any CPU = Debug|Any CPU
		Release|Any CPU = Release|Any CPU
	EndGlobalSection
	GlobalSection(ProjectConfigurationPlatforms) = postSolution
		{6D8E2B1F-931E-45A9-99AB-4F338FF0888A}.Debug|Any CPU.ActiveCfg = Debug|Any CPU
		{6D8E2B1F-931E-45A9-99AB-4F338FF0888A}.Debug|Any CPU.Build.0 = Debug|Any CPU
		{6D8E2B1F-931E-45A9-99AB-4F338FF0888A}.Release|Any CPU.ActiveCfg = Release|Any CPU
		{6D8E2B1F-931E-45A9-99AB-4F338FF0888A}.Release|Any CPU.Build.0 = Release|Any CPU
		{4B4C5D2C-7237-4B86-AED0-7927C926689F}.Debug|Any CPU.ActiveCfg = Debug|Any CPU
		{4B4C5D2C-7237-4B86-AED0-7927C926689F}.Debug|Any CPU.Build.0 = Debug|Any CPU
		{4B4C5D2C-7237-4B86-AED0-7927C926689F}.Release|Any CPU.ActiveCfg = Release|Any CPU
		{4B4C5D2C-7237-4B86-AED0-7927C926689F}.Release|Any CPU.Build.0 = Release|Any CPU
		{35F1B9F2-861B-4F50-86DE-F5FA016A3E90}.Debug|Any CPU.ActiveCfg = Debug|Any CPU
		{35F1B9F2-861B-4F50-86DE-F5FA016A3E90}.Debug|Any CPU.Build.0 = Debug|Any CPU
		{35F1B9F2-861B-4F50-86DE-F5FA016A3E90}.Release|Any CPU.ActiveCfg = Release|Any CPU
		{35F1B9F2-861B-4F50-86DE-F5FA016A3E90}.Release|Any CPU.Build.0 = Release|Any CPU
		{393B81BC-61F8-4278-9221-B2054D447331}.Debug|Any CPU.ActiveCfg = Debug|Any CPU
		{393B81BC-61F8-4278-9221-B2054D447331}.Debug|Any CPU.Build.0 = Debug|Any CPU
		{393B81BC-61F8-4278-9221-B2054D447331}.Release|Any CPU.ActiveCfg = Release|Any CPU
		{393B81BC-61F8-4278-9221-B2054D447331}.Release|Any CPU.Build.0 = Release|Any CPU
		{054D7419-4BB2-45C0-8E51-2D15F613D37A}.Debug|Any CPU.ActiveCfg = Debug|Any CPU
		{054D7419-4BB2-45C0-8E51-2D15F613D37A}.Debug|Any CPU.Build.0 = Debug|Any CPU
		{054D7419-4BB2-45C0-8E51-2D15F613D37A}.Release|Any CPU.ActiveCfg = Release|Any CPU
		{054D7419-4BB2-45C0-8E51-2D15F613D37A}.Release|Any CPU.Build.0 = Release|Any CPU
		{49FFABE9-3959-426D-848E-4FC7178339F3}.Debug|Any CPU.ActiveCfg = Debug|Any CPU
		{49FFABE9-3959-426D-848E-4FC7178339F3}.Debug|Any CPU.Build.0 = Debug|Any CPU
		{49FFABE9-3959-426D-848E-4FC7178339F3}.Release|Any CPU.ActiveCfg = Release|Any CPU
		{49FFABE9-3959-426D-848E-4FC7178339F3}.Release|Any CPU.Build.0 = Release|Any CPU
		{2615E4D4-EE4F-49B0-B3FF-AE6358099A06}.Debug|Any CPU.ActiveCfg = Debug|Any CPU
		{2615E4D4-EE4F-49B0-B3FF-AE6358099A06}.Debug|Any CPU.Build.0 = Debug|Any CPU
		{2615E4D4-EE4F-49B0-B3FF-AE6358099A06}.Release|Any CPU.ActiveCfg = Release|Any CPU
		{2615E4D4-EE4F-49B0-B3FF-AE6358099A06}.Release|Any CPU.Build.0 = Release|Any CPU
		{B78D52BF-DBD0-4F95-8596-DEE5B3712C73}.Debug|Any CPU.ActiveCfg = Debug|Any CPU
		{B78D52BF-DBD0-4F95-8596-DEE5B3712C73}.Debug|Any CPU.Build.0 = Debug|Any CPU
		{B78D52BF-DBD0-4F95-8596-DEE5B3712C73}.Release|Any CPU.ActiveCfg = Release|Any CPU
		{B78D52BF-DBD0-4F95-8596-DEE5B3712C73}.Release|Any CPU.Build.0 = Release|Any CPU
	EndGlobalSection
	GlobalSection(SolutionProperties) = preSolution
		HideSolutionNode = FALSE
	EndGlobalSection
	GlobalSection(NestedProjects) = preSolution
		{6D8E2B1F-931E-45A9-99AB-4F338FF0888A} = {447E1896-1234-4E2E-9BE1-C56BFED61FF6}
		{4B4C5D2C-7237-4B86-AED0-7927C926689F} = {447E1896-1234-4E2E-9BE1-C56BFED61FF6}
		{35F1B9F2-861B-4F50-86DE-F5FA016A3E90} = {28BA4B94-3A25-4E3E-9503-0A41A109EDFF}
		{393B81BC-61F8-4278-9221-B2054D447331} = {447E1896-1234-4E2E-9BE1-C56BFED61FF6}
		{054D7419-4BB2-45C0-8E51-2D15F613D37A} = {447E1896-1234-4E2E-9BE1-C56BFED61FF6}
		{49FFABE9-3959-426D-848E-4FC7178339F3} = {40B37F7D-B2DA-4977-89DB-45B1B0F2D026}
		{2615E4D4-EE4F-49B0-B3FF-AE6358099A06} = {40B37F7D-B2DA-4977-89DB-45B1B0F2D026}
		{B78D52BF-DBD0-4F95-8596-DEE5B3712C73} = {447E1896-1234-4E2E-9BE1-C56BFED61FF6}
	EndGlobalSection
EndGlobal
