
Microsoft Visual Studio Solution File, Format Version 12.00
# Visual Studio 14
VisualStudioVersion = 14.0.23107.0
MinimumVisualStudioVersion = 10.0.40219.1
Project("{FAE04EC0-301F-11D3-BF4B-00C04F79EFBC}") = "WProject", "WProject\WProject.csproj", "{FC612423-3AE0-468E-862E-1DB72322A99C}"
EndProject
Project("{FAE04EC0-301F-11D3-BF4B-00C04F79EFBC}") = "WProject.Library", "WProject.Library\WProject.Library.csproj", "{6D8E2B1F-931E-45A9-99AB-4F338FF0888A}"
EndProject
Project("{FAE04EC0-301F-11D3-BF4B-00C04F79EFBC}") = "WProject.GenericLibrary", "WProject.GenericLibrary\WProject.GenericLibrary.csproj", "{4B4C5D2C-7237-4B86-AED0-7927C926689F}"
EndProject
Project("{FAE04EC0-301F-11D3-BF4B-00C04F79EFBC}") = "WProject.BusinessLibrary", "WProject.BusinessLibrary\WProject.BusinessLibrary.csproj", "{40D61066-A8B7-429D-829C-5961780DC556}"
EndProject
Project("{FAE04EC0-301F-11D3-BF4B-00C04F79EFBC}") = "WProject.DestopTests", "WProject.DestopTests\WProject.DestopTests.csproj", "{35F1B9F2-861B-4F50-86DE-F5FA016A3E90}"
EndProject
Project("{2150E333-8FDC-42A3-9474-1A3956D46DE8}") = "Apps", "Apps", "{40B37F7D-B2DA-4977-89DB-45B1B0F2D026}"
EndProject
Project("{2150E333-8FDC-42A3-9474-1A3956D46DE8}") = "Libraries", "Libraries", "{447E1896-1234-4E2E-9BE1-C56BFED61FF6}"
EndProject
Project("{2150E333-8FDC-42A3-9474-1A3956D46DE8}") = "Tests", "Tests", "{28BA4B94-3A25-4E3E-9503-0A41A109EDFF}"
EndProject
Global
	GlobalSection(SolutionConfigurationPlatforms) = preSolution
		Debug|Any CPU = Debug|Any CPU
		Release|Any CPU = Release|Any CPU
	EndGlobalSection
	GlobalSection(ProjectConfigurationPlatforms) = postSolution
		{FC612423-3AE0-468E-862E-1DB72322A99C}.Debug|Any CPU.ActiveCfg = Debug|Any CPU
		{FC612423-3AE0-468E-862E-1DB72322A99C}.Debug|Any CPU.Build.0 = Debug|Any CPU
		{FC612423-3AE0-468E-862E-1DB72322A99C}.Release|Any CPU.ActiveCfg = Release|Any CPU
		{FC612423-3AE0-468E-862E-1DB72322A99C}.Release|Any CPU.Build.0 = Release|Any CPU
		{6D8E2B1F-931E-45A9-99AB-4F338FF0888A}.Debug|Any CPU.ActiveCfg = Debug|Any CPU
		{6D8E2B1F-931E-45A9-99AB-4F338FF0888A}.Debug|Any CPU.Build.0 = Debug|Any CPU
		{6D8E2B1F-931E-45A9-99AB-4F338FF0888A}.Release|Any CPU.ActiveCfg = Release|Any CPU
		{6D8E2B1F-931E-45A9-99AB-4F338FF0888A}.Release|Any CPU.Build.0 = Release|Any CPU
		{4B4C5D2C-7237-4B86-AED0-7927C926689F}.Debug|Any CPU.ActiveCfg = Debug|Any CPU
		{4B4C5D2C-7237-4B86-AED0-7927C926689F}.Debug|Any CPU.Build.0 = Debug|Any CPU
		{4B4C5D2C-7237-4B86-AED0-7927C926689F}.Release|Any CPU.ActiveCfg = Release|Any CPU
		{4B4C5D2C-7237-4B86-AED0-7927C926689F}.Release|Any CPU.Build.0 = Release|Any CPU
		{40D61066-A8B7-429D-829C-5961780DC556}.Debug|Any CPU.ActiveCfg = Debug|Any CPU
		{40D61066-A8B7-429D-829C-5961780DC556}.Debug|Any CPU.Build.0 = Debug|Any CPU
		{40D61066-A8B7-429D-829C-5961780DC556}.Release|Any CPU.ActiveCfg = Release|Any CPU
		{40D61066-A8B7-429D-829C-5961780DC556}.Release|Any CPU.Build.0 = Release|Any CPU
		{35F1B9F2-861B-4F50-86DE-F5FA016A3E90}.Debug|Any CPU.ActiveCfg = Debug|Any CPU
		{35F1B9F2-861B-4F50-86DE-F5FA016A3E90}.Debug|Any CPU.Build.0 = Debug|Any CPU
		{35F1B9F2-861B-4F50-86DE-F5FA016A3E90}.Release|Any CPU.ActiveCfg = Release|Any CPU
		{35F1B9F2-861B-4F50-86DE-F5FA016A3E90}.Release|Any CPU.Build.0 = Release|Any CPU
	EndGlobalSection
	GlobalSection(SolutionProperties) = preSolution
		HideSolutionNode = FALSE
	EndGlobalSection
	GlobalSection(NestedProjects) = preSolution
		{FC612423-3AE0-468E-862E-1DB72322A99C} = {40B37F7D-B2DA-4977-89DB-45B1B0F2D026}
		{6D8E2B1F-931E-45A9-99AB-4F338FF0888A} = {447E1896-1234-4E2E-9BE1-C56BFED61FF6}
		{4B4C5D2C-7237-4B86-AED0-7927C926689F} = {447E1896-1234-4E2E-9BE1-C56BFED61FF6}
		{40D61066-A8B7-429D-829C-5961780DC556} = {447E1896-1234-4E2E-9BE1-C56BFED61FF6}
		{35F1B9F2-861B-4F50-86DE-F5FA016A3E90} = {28BA4B94-3A25-4E3E-9503-0A41A109EDFF}
	EndGlobalSection
EndGlobal
